
Microsoft Visual Studio Solution File, Format Version 12.00
# Visual Studio Version 16
VisualStudioVersion = 16.0.30114.105
MinimumVisualStudioVersion = 10.0.40219.1
Project("{FAE04EC0-301F-11D3-BF4B-00C04F79EFBC}") = "TrafficLight", "TrafficLight\TrafficLight.csproj", "{FB9B5E31-620D-4CDC-B990-53C1AB55F5C8}"
EndProject
Project("{FAE04EC0-301F-11D3-BF4B-00C04F79EFBC}") = "Car", "Car\Car.csproj", "{EAB9E132-D22B-4B2D-9DF4-90A43247EE44}"
EndProject
Project("{FAE04EC0-301F-11D3-BF4B-00C04F79EFBC}") = "Farm", "Farm\Farm.csproj", "{77888179-DBE2-467D-85B1-7039585C39A1}"
EndProject
Project("{FAE04EC0-301F-11D3-BF4B-00C04F79EFBC}") = "Food", "Food\Food.csproj", "{2B18A051-F1C6-4AF2-917B-3C3D0851DBC8}"
EndProject
Project("{FAE04EC0-301F-11D3-BF4B-00C04F79EFBC}") = "Water", "Water\Water.csproj", "{FC3C6C72-70C6-4F5E-BE83-F1BBD81E67A3}"
EndProject
Global
	GlobalSection(SolutionConfigurationPlatforms) = preSolution
		Debug|Any CPU = Debug|Any CPU
		Debug|x64 = Debug|x64
		Debug|x86 = Debug|x86
		Release|Any CPU = Release|Any CPU
		Release|x64 = Release|x64
		Release|x86 = Release|x86
	EndGlobalSection
	GlobalSection(ProjectConfigurationPlatforms) = postSolution
		{FB9B5E31-620D-4CDC-B990-53C1AB55F5C8}.Debug|Any CPU.ActiveCfg = Debug|Any CPU
		{FB9B5E31-620D-4CDC-B990-53C1AB55F5C8}.Debug|Any CPU.Build.0 = Debug|Any CPU
		{FB9B5E31-620D-4CDC-B990-53C1AB55F5C8}.Debug|x64.ActiveCfg = Debug|Any CPU
		{FB9B5E31-620D-4CDC-B990-53C1AB55F5C8}.Debug|x64.Build.0 = Debug|Any CPU
		{FB9B5E31-620D-4CDC-B990-53C1AB55F5C8}.Debug|x86.ActiveCfg = Debug|Any CPU
		{FB9B5E31-620D-4CDC-B990-53C1AB55F5C8}.Debug|x86.Build.0 = Debug|Any CPU
		{FB9B5E31-620D-4CDC-B990-53C1AB55F5C8}.Release|Any CPU.ActiveCfg = Release|Any CPU
		{FB9B5E31-620D-4CDC-B990-53C1AB55F5C8}.Release|Any CPU.Build.0 = Release|Any CPU
		{FB9B5E31-620D-4CDC-B990-53C1AB55F5C8}.Release|x64.ActiveCfg = Release|Any CPU
		{FB9B5E31-620D-4CDC-B990-53C1AB55F5C8}.Release|x64.Build.0 = Release|Any CPU
		{FB9B5E31-620D-4CDC-B990-53C1AB55F5C8}.Release|x86.ActiveCfg = Release|Any CPU
		{FB9B5E31-620D-4CDC-B990-53C1AB55F5C8}.Release|x86.Build.0 = Release|Any CPU
		{EAB9E132-D22B-4B2D-9DF4-90A43247EE44}.Debug|Any CPU.ActiveCfg = Debug|Any CPU
		{EAB9E132-D22B-4B2D-9DF4-90A43247EE44}.Debug|Any CPU.Build.0 = Debug|Any CPU
		{EAB9E132-D22B-4B2D-9DF4-90A43247EE44}.Debug|x64.ActiveCfg = Debug|Any CPU
		{EAB9E132-D22B-4B2D-9DF4-90A43247EE44}.Debug|x64.Build.0 = Debug|Any CPU
		{EAB9E132-D22B-4B2D-9DF4-90A43247EE44}.Debug|x86.ActiveCfg = Debug|Any CPU
		{EAB9E132-D22B-4B2D-9DF4-90A43247EE44}.Debug|x86.Build.0 = Debug|Any CPU
		{EAB9E132-D22B-4B2D-9DF4-90A43247EE44}.Release|Any CPU.ActiveCfg = Release|Any CPU
		{EAB9E132-D22B-4B2D-9DF4-90A43247EE44}.Release|Any CPU.Build.0 = Release|Any CPU
		{EAB9E132-D22B-4B2D-9DF4-90A43247EE44}.Release|x64.ActiveCfg = Release|Any CPU
		{EAB9E132-D22B-4B2D-9DF4-90A43247EE44}.Release|x64.Build.0 = Release|Any CPU
		{EAB9E132-D22B-4B2D-9DF4-90A43247EE44}.Release|x86.ActiveCfg = Release|Any CPU
		{EAB9E132-D22B-4B2D-9DF4-90A43247EE44}.Release|x86.Build.0 = Release|Any CPU
		{77888179-DBE2-467D-85B1-7039585C39A1}.Debug|Any CPU.ActiveCfg = Debug|Any CPU
		{77888179-DBE2-467D-85B1-7039585C39A1}.Debug|Any CPU.Build.0 = Debug|Any CPU
		{77888179-DBE2-467D-85B1-7039585C39A1}.Debug|x64.ActiveCfg = Debug|Any CPU
		{77888179-DBE2-467D-85B1-7039585C39A1}.Debug|x64.Build.0 = Debug|Any CPU
		{77888179-DBE2-467D-85B1-7039585C39A1}.Debug|x86.ActiveCfg = Debug|Any CPU
		{77888179-DBE2-467D-85B1-7039585C39A1}.Debug|x86.Build.0 = Debug|Any CPU
		{77888179-DBE2-467D-85B1-7039585C39A1}.Release|Any CPU.ActiveCfg = Release|Any CPU
		{77888179-DBE2-467D-85B1-7039585C39A1}.Release|Any CPU.Build.0 = Release|Any CPU
		{77888179-DBE2-467D-85B1-7039585C39A1}.Release|x64.ActiveCfg = Release|Any CPU
		{77888179-DBE2-467D-85B1-7039585C39A1}.Release|x64.Build.0 = Release|Any CPU
		{77888179-DBE2-467D-85B1-7039585C39A1}.Release|x86.ActiveCfg = Release|Any CPU
		{77888179-DBE2-467D-85B1-7039585C39A1}.Release|x86.Build.0 = Release|Any CPU
		{2B18A051-F1C6-4AF2-917B-3C3D0851DBC8}.Debug|Any CPU.ActiveCfg = Debug|Any CPU
		{2B18A051-F1C6-4AF2-917B-3C3D0851DBC8}.Debug|Any CPU.Build.0 = Debug|Any CPU
		{2B18A051-F1C6-4AF2-917B-3C3D0851DBC8}.Debug|x64.ActiveCfg = Debug|Any CPU
		{2B18A051-F1C6-4AF2-917B-3C3D0851DBC8}.Debug|x64.Build.0 = Debug|Any CPU
		{2B18A051-F1C6-4AF2-917B-3C3D0851DBC8}.Debug|x86.ActiveCfg = Debug|Any CPU
		{2B18A051-F1C6-4AF2-917B-3C3D0851DBC8}.Debug|x86.Build.0 = Debug|Any CPU
		{2B18A051-F1C6-4AF2-917B-3C3D0851DBC8}.Release|Any CPU.ActiveCfg = Release|Any CPU
		{2B18A051-F1C6-4AF2-917B-3C3D0851DBC8}.Release|Any CPU.Build.0 = Release|Any CPU
		{2B18A051-F1C6-4AF2-917B-3C3D0851DBC8}.Release|x64.ActiveCfg = Release|Any CPU
		{2B18A051-F1C6-4AF2-917B-3C3D0851DBC8}.Release|x64.Build.0 = Release|Any CPU
		{2B18A051-F1C6-4AF2-917B-3C3D0851DBC8}.Release|x86.ActiveCfg = Release|Any CPU
		{2B18A051-F1C6-4AF2-917B-3C3D0851DBC8}.Release|x86.Build.0 = Release|Any CPU
		{FC3C6C72-70C6-4F5E-BE83-F1BBD81E67A3}.Debug|Any CPU.ActiveCfg = Debug|Any CPU
		{FC3C6C72-70C6-4F5E-BE83-F1BBD81E67A3}.Debug|Any CPU.Build.0 = Debug|Any CPU
		{FC3C6C72-70C6-4F5E-BE83-F1BBD81E67A3}.Debug|x64.ActiveCfg = Debug|Any CPU
		{FC3C6C72-70C6-4F5E-BE83-F1BBD81E67A3}.Debug|x64.Build.0 = Debug|Any CPU
		{FC3C6C72-70C6-4F5E-BE83-F1BBD81E67A3}.Debug|x86.ActiveCfg = Debug|Any CPU
		{FC3C6C72-70C6-4F5E-BE83-F1BBD81E67A3}.Debug|x86.Build.0 = Debug|Any CPU
		{FC3C6C72-70C6-4F5E-BE83-F1BBD81E67A3}.Release|Any CPU.ActiveCfg = Release|Any CPU
		{FC3C6C72-70C6-4F5E-BE83-F1BBD81E67A3}.Release|Any CPU.Build.0 = Release|Any CPU
		{FC3C6C72-70C6-4F5E-BE83-F1BBD81E67A3}.Release|x64.ActiveCfg = Release|Any CPU
		{FC3C6C72-70C6-4F5E-BE83-F1BBD81E67A3}.Release|x64.Build.0 = Release|Any CPU
		{FC3C6C72-70C6-4F5E-BE83-F1BBD81E67A3}.Release|x86.ActiveCfg = Release|Any CPU
		{FC3C6C72-70C6-4F5E-BE83-F1BBD81E67A3}.Release|x86.Build.0 = Release|Any CPU
	EndGlobalSection
	GlobalSection(SolutionProperties) = preSolution
		HideSolutionNode = FALSE
	EndGlobalSection
EndGlobal
